# THIS IS AN AUTOGENERATED FILE. DO NOT EDIT THIS FILE DIRECTLY.
# yarn lockfile v1


"@tweenjs/tween.js@^18.6.4":
  version "18.6.4"
  resolved "https://registry.yarnpkg.com/@tweenjs/tween.js/-/tween.js-18.6.4.tgz#40a3d0a93647124872dec8e0fd1bd5926695b6ca"
  integrity sha512-lB9lMjuqjtuJrx7/kOkqQBtllspPIN+96OvTCeJ2j5FEzinoAXTdAMFnDAQT1KVPRlnYfBrqxtqP66vDM40xxQ==

accessor-fn@^1.3.0:
  version "1.3.0"
  resolved "https://registry.yarnpkg.com/accessor-fn/-/accessor-fn-1.3.0.tgz#52cfc21ff5633a12177f757ec1e4c4fbb361bb02"
  integrity sha512-NC5BYjrfBonksWxXrZ1WsPnh70sTQC2Uas9IL0RHQN5OETP4dO/bviPxZ7zTOahhRQ7o6avJg3ImJvRbuyHASg==

bezier-js@^4.0.3:
  version "4.0.3"
  resolved "https://registry.yarnpkg.com/bezier-js/-/bezier-js-4.0.3.tgz#9e076d66f609bca9fc08dd22201596d52d3cc49d"
  integrity sha512-w85AFcZ7EkszFgxuHYQ2/BI2G7H5bEotZD9vcg8+Hx4S8zF2odJBoFSFvGbcFDH5ScSxG27/IhW03SigVmkXNQ==

canvas-color-tracker@^1.1.3:
  version "1.1.3"
  resolved "https://registry.yarnpkg.com/canvas-color-tracker/-/canvas-color-tracker-1.1.3.tgz#3abe6336511dd21085f02a2d37f2143873634d4c"
  integrity sha512-sDkzWXskrpLG1wNeZxU9bLbL+PgdaLDWYV/Q9LrY0IpYCCWHvE9c8YCukWrFQi+FT5oonxPB1b85M7GsRZVx1Q==
  dependencies:
    tinycolor2 "^1.4.2"

d3-array@^2.11.0, d3-array@^2.3.0:
  version "2.11.0"
  resolved "https://registry.yarnpkg.com/d3-array/-/d3-array-2.11.0.tgz#5ed6a2869bc7d471aec8df9ff6ed9fef798facc4"
  integrity sha512-26clcwmHQEdsLv34oNKq5Ia9tQ26Y/4HqS3dQzF42QBUqymZJ+9PORcN1G52bt37NsL2ABoX4lvyYZc+A9Y0zw==
  dependencies:
    internmap "^1.0.0"

d3-binarytree@^0.1.8:
  version "0.1.8"
  resolved "https://registry.yarnpkg.com/d3-binarytree/-/d3-binarytree-0.1.8.tgz#dc8d37e7dd4a43c0e78dd99bbc4c295b935696df"
  integrity sha512-+N2TjL9CAGMkjwlnsx/wUiHJtAnik6S63AfvWS6RYkraD60ixgI4S7q3sMR5ugLMXWckWhZfvUpZQzwAzkm/lA==

"d3-color@1 - 2":
  version "2.0.0"
  resolved "https://registry.yarnpkg.com/d3-color/-/d3-color-2.0.0.tgz#8d625cab42ed9b8f601a1760a389f7ea9189d62e"
  integrity sha512-SPXi0TSKPD4g9tw0NMZFnR95XVgUZiBH+uUTqQuDu1OsE2zomHU7ho0FISciaPvosimixwHFl3WHLGabv6dDgQ==

"d3-dispatch@1 - 2", d3-dispatch@^2.0.0:
  version "2.0.0"
  resolved "https://registry.yarnpkg.com/d3-dispatch/-/d3-dispatch-2.0.0.tgz#8a18e16f76dd3fcaef42163c97b926aa9b55e7cf"
  integrity sha512-S/m2VsXI7gAti2pBoLClFFTMOO1HTtT0j99AuXLoGFKO6deHDdnv6ZGTxSTTUTgO1zVcv82fCOtDjYK4EECmWA==

d3-drag@2, d3-drag@^2.0.0:
  version "2.0.0"
  resolved "https://registry.yarnpkg.com/d3-drag/-/d3-drag-2.0.0.tgz#9eaf046ce9ed1c25c88661911c1d5a4d8eb7ea6d"
  integrity sha512-g9y9WbMnF5uqB9qKqwIIa/921RYWzlUDv9Jl1/yONQwxbOfszAWTCm8u7HOTgJgRDXiRZN56cHT9pd24dmXs8w==
  dependencies:
    d3-dispatch "1 - 2"
    d3-selection "2"

"d3-ease@1 - 2":
  version "2.0.0"
  resolved "https://registry.yarnpkg.com/d3-ease/-/d3-ease-2.0.0.tgz#fd1762bfca00dae4bacea504b1d628ff290ac563"
  integrity sha512-68/n9JWarxXkOWMshcT5IcjbB+agblQUaIsbnXmrzejn2O82n3p2A9R2zEB9HIEFWKFwPAEDDN8gR0VdSAyyAQ==

d3-force-3d@^2.2.0:
  version "2.2.0"
  resolved "https://registry.yarnpkg.com/d3-force-3d/-/d3-force-3d-2.2.0.tgz#83515f3fd98d6705442047e9eac0749dfd2654bc"
  integrity sha512-yFuBpt4onqnVyRGN3PCW+KpeOMcMCOStvE7QIXIOUu0d+Yn4SqSnA8K6UXjYmMIVE9STtA/+MOSUOBHxbi+NAg==
  dependencies:
    d3-binarytree "^0.1.8"
    d3-dispatch "^2.0.0"
    d3-octree "^0.1.8"
    d3-quadtree "^2.0.0"
    d3-timer "^2.0.0"

"d3-format@1 - 2":
  version "2.0.0"
  resolved "https://registry.yarnpkg.com/d3-format/-/d3-format-2.0.0.tgz#a10bcc0f986c372b729ba447382413aabf5b0767"
  integrity sha512-Ab3S6XuE/Q+flY96HXT0jOXcM4EAClYFnRGY5zsjRGNy6qCYrQsMffs7cV5Q9xejb35zxW5hf/guKw34kvIKsA==

"d3-interpolate@1 - 2", "d3-interpolate@1.2.0 - 2":
  version "2.0.1"
  resolved "https://registry.yarnpkg.com/d3-interpolate/-/d3-interpolate-2.0.1.tgz#98be499cfb8a3b94d4ff616900501a64abc91163"
  integrity sha512-c5UhwwTs/yybcmTpAVqwSFl6vrQ8JZJoT5F7xNFK9pymv5C0Ymcc9/LIJHtYIggg/yS9YHw8i8O8tgb9pupjeQ==
  dependencies:
    d3-color "1 - 2"

d3-octree@^0.1.8:
  version "0.1.8"
  resolved "https://registry.yarnpkg.com/d3-octree/-/d3-octree-0.1.8.tgz#a7b16d0432b9551ad2b1145f2c25b5461fd991cf"
  integrity sha512-DCN9v/itq78qhZVbhOE/y7tLUQUHMtdKUg5N9aUDusgN5ANbNvGJFD1C6yjY8KeEoB8ONHzwN8xEoHb9Ww9joQ==

d3-quadtree@^2.0.0:
  version "2.0.0"
  resolved "https://registry.yarnpkg.com/d3-quadtree/-/d3-quadtree-2.0.0.tgz#edbad045cef88701f6fee3aee8e93fb332d30f9d"
  integrity sha512-b0Ed2t1UUalJpc3qXzKi+cPGxeXRr4KU9YSlocN74aTzp6R/Ud43t79yLLqxHRWZfsvWXmbDWPpoENK1K539xw==

d3-scale-chromatic@^2.0.0:
  version "2.0.0"
  resolved "https://registry.yarnpkg.com/d3-scale-chromatic/-/d3-scale-chromatic-2.0.0.tgz#c13f3af86685ff91323dc2f0ebd2dabbd72d8bab"
  integrity sha512-LLqy7dJSL8yDy7NRmf6xSlsFZ6zYvJ4BcWFE4zBrOPnQERv9zj24ohnXKRbyi9YHnYV+HN1oEO3iFK971/gkzA==
  dependencies:
    d3-color "1 - 2"
    d3-interpolate "1 - 2"

d3-scale@^3.2.3:
  version "3.2.3"
  resolved "https://registry.yarnpkg.com/d3-scale/-/d3-scale-3.2.3.tgz#be380f57f1f61d4ff2e6cbb65a40593a51649cfd"
  integrity sha512-8E37oWEmEzj57bHcnjPVOBS3n4jqakOeuv1EDdQSiSrYnMCBdMd3nc4HtKk7uia8DUHcY/CGuJ42xxgtEYrX0g==
  dependencies:
    d3-array "^2.3.0"
    d3-format "1 - 2"
    d3-interpolate "1.2.0 - 2"
    d3-time "1 - 2"
    d3-time-format "2 - 3"

d3-selection@2, d3-selection@^2.0.0:
  version "2.0.0"
  resolved "https://registry.yarnpkg.com/d3-selection/-/d3-selection-2.0.0.tgz#94a11638ea2141b7565f883780dabc7ef6a61066"
  integrity sha512-XoGGqhLUN/W14NmaqcO/bb1nqjDAw5WtSYb2X8wiuQWvSZUsUVYsOSkOybUrNvcBjaywBdYPy03eXHMXjk9nZA==

"d3-time-format@2 - 3":
  version "3.0.0"
  resolved "https://registry.yarnpkg.com/d3-time-format/-/d3-time-format-3.0.0.tgz#df8056c83659e01f20ac5da5fdeae7c08d5f1bb6"
  integrity sha512-UXJh6EKsHBTjopVqZBhFysQcoXSv/5yLONZvkQ5Kk3qbwiUYkdX17Xa1PT6U1ZWXGGfB1ey5L8dKMlFq2DO0Ag==
  dependencies:
    d3-time "1 - 2"

"d3-time@1 - 2":
  version "2.0.0"
  resolved "https://registry.yarnpkg.com/d3-time/-/d3-time-2.0.0.tgz#ad7c127d17c67bd57a4c61f3eaecb81108b1e0ab"
  integrity sha512-2mvhstTFcMvwStWd9Tj3e6CEqtOivtD8AUiHT8ido/xmzrI9ijrUUihZ6nHuf/vsScRBonagOdj0Vv+SEL5G3Q==

"d3-timer@1 - 2", d3-timer@^2.0.0:
  version "2.0.0"
  resolved "https://registry.yarnpkg.com/d3-timer/-/d3-timer-2.0.0.tgz#055edb1d170cfe31ab2da8968deee940b56623e6"
  integrity sha512-TO4VLh0/420Y/9dO3+f9abDEFYeCUr2WZRlxJvbp4HPTQcSylXNiL6yZa9FIUvV1yRiFufl1bszTCLDqv9PWNA==

d3-transition@2:
  version "2.0.0"
  resolved "https://registry.yarnpkg.com/d3-transition/-/d3-transition-2.0.0.tgz#366ef70c22ef88d1e34105f507516991a291c94c"
  integrity sha512-42ltAGgJesfQE3u9LuuBHNbGrI/AJjNL2OAUdclE70UE6Vy239GCBEYD38uBPoLeNsOhFStGpPI0BAOV+HMxog==
  dependencies:
    d3-color "1 - 2"
    d3-dispatch "1 - 2"
    d3-ease "1 - 2"
    d3-interpolate "1 - 2"
    d3-timer "1 - 2"

d3-zoom@^2.0.0:
  version "2.0.0"
  resolved "https://registry.yarnpkg.com/d3-zoom/-/d3-zoom-2.0.0.tgz#f04d0afd05518becce879d04709c47ecd93fba54"
  integrity sha512-fFg7aoaEm9/jf+qfstak0IYpnesZLiMX6GZvXtUSdv8RH2o4E2qeelgdU09eKS6wGuiGMfcnMI0nTIqWzRHGpw==
  dependencies:
    d3-dispatch "1 - 2"
    d3-drag "2"
    d3-interpolate "1 - 2"
    d3-selection "2"
    d3-transition "2"

debounce@^1.2.0:
  version "1.2.0"
  resolved "https://registry.yarnpkg.com/debounce/-/debounce-1.2.0.tgz#44a540abc0ea9943018dc0eaa95cce87f65cd131"
  integrity sha512-mYtLl1xfZLi1m4RtQYlZgJUNQjl4ZxVnHzIR8nLLgi4q1YT8o/WM+MK/f8yfcc9s5Ir5zRaPZyZU6xs1Syoocg==

force-graph@^1.36.2:
  version "1.36.2"
  resolved "https://registry.yarnpkg.com/force-graph/-/force-graph-1.36.2.tgz#e58fcc35094f1010b2309004d3394d727b56ff7e"
  integrity sha512-o+KIrV+NY4v/RSu2Srr65r0Yhme4wUmxmYftAIRJ/i4fFiH93EID0SVexV97pa985rPBcGkABi48You99AgvJw==
  dependencies:
    "@tweenjs/tween.js" "^18.6.4"
    accessor-fn "^1.3.0"
    bezier-js "^4.0.3"
    canvas-color-tracker "^1.1.3"
    d3-array "^2.11.0"
    d3-drag "^2.0.0"
    d3-force-3d "^2.2.0"
    d3-scale "^3.2.3"
    d3-scale-chromatic "^2.0.0"
    d3-selection "^2.0.0"
    d3-zoom "^2.0.0"
    index-array-by "^1.3.0"
    kapsule "^1.13.3"
    lodash.throttle "^4.1.1"

index-array-by@^1.3.0:
  version "1.3.0"
  resolved "https://registry.yarnpkg.com/index-array-by/-/index-array-by-1.3.0.tgz#db5b37fcc75712d9b2393003b4106050af53d130"
  integrity sha512-INSV8BJwW/IF9wj/hzq6tDQhc3AYBnQ/wY9mNIGiPEvxDI1sR0OaL1VQg74ZIZqg3fbmW5zQgf2Bxc51zDwRZg==

internmap@^1.0.0:
  version "1.0.0"
  resolved "https://registry.yarnpkg.com/internmap/-/internmap-1.0.0.tgz#3c6bf0944b0eae457698000412108752bbfddb56"
  integrity sha512-SdoDWwNOTE2n4JWUsLn4KXZGuZPjPF9yyOGc8bnfWnBQh7BD/l80rzSznKc/r4Y0aQ7z3RTk9X+tV4tHBpu+dA==

kapsule@^1.13.3:
  version "1.13.3"
  resolved "https://registry.yarnpkg.com/kapsule/-/kapsule-1.13.3.tgz#01092e9ee1f1da10e511d91b45e57198b1fe7b90"
  integrity sha512-Qgzn1p0ywJsXJ3NBjIGst/EGvH2VF+YeVsVfWHZ1ZFX1v7AJfz215OWf3mRFy6NZBbN67yc1qUxAuJU+vuTtAA==
  dependencies:
    debounce "^1.2.0"

lodash.throttle@^4.1.1:
  version "4.1.1"
  resolved "https://registry.yarnpkg.com/lodash.throttle/-/lodash.throttle-4.1.1.tgz#c23e91b710242ac70c37f1e1cda9274cc39bf2f4"
  integrity sha1-wj6RtxAkKscMN/HhzaknTMOb8vQ=

tinycolor2@^1.4.2:
  version "1.4.2"
  resolved "https://registry.yarnpkg.com/tinycolor2/-/tinycolor2-1.4.2.tgz#3f6a4d1071ad07676d7fa472e1fac40a719d8803"
  integrity sha512-vJhccZPs965sV/L2sU4oRQVAos0pQXwsvTLkWYdqJ+a8Q5kPFzJTuOFwy7UniPli44NKQGAglksjvOcpo95aZA==
